{
  "nodes": {
    "agda": {
      "inputs": {
        "flake-parts": [
          "flake-parts"
        ],
        "ghc-wasm": "ghc-wasm",
        "nixpkgs": [
          "nixpkgs"
        ]
      },
      "locked": {
        "lastModified": 1774883193,
        "narHash": "sha256-fjBpNpu9sVMw6f1fzjLGN4FMmNdfVmZwqgXRRqCdX0E=",
        "owner": "agda",
        "repo": "agda",
        "rev": "387314ac9ec12f54cb04a4bd329f8a83d1d6e6ea",
        "type": "github"
      },
      "original": {
        "owner": "agda",
        "repo": "agda",
        "type": "github"
      }
    },
    "flake-parts": {
      "inputs": {
        "nixpkgs-lib": "nixpkgs-lib"
      },
      "locked": {
        "lastModified": 1772408722,
        "narHash": "sha256-rHuJtdcOjK7rAHpHphUb1iCvgkU3GpfvicLMwwnfMT0=",
        "owner": "hercules-ci",
        "repo": "flake-parts",
        "rev": "f20dc5d9b8027381c474144ecabc9034d6a839a3",
        "type": "github"
      },
      "original": {
        "owner": "hercules-ci",
        "repo": "flake-parts",
        "type": "github"
      }
    },
    "flake-utils": {
      "inputs": {
        "systems": "systems"
      },
      "locked": {
        "lastModified": 1731533236,
        "narHash": "sha256-l0KFg5HjrsfsO/JpG+r7fRrqm12kzFHyUHqHCVpMMbI=",
        "owner": "numtide",
        "repo": "flake-utils",
        "rev": "11707dc2f618dd54ca8739b309ec4fc024de578b",
        "type": "github"
      },
      "original": {
        "owner": "numtide",
        "repo": "flake-utils",
        "type": "github"
      }
    },
    "ghc-wasm": {
      "inputs": {
        "flake-utils": "flake-utils",
        "nixpkgs": "nixpkgs"
      },
      "locked": {
        "lastModified": 1764532453,
        "narHash": "sha256-83PtOfCHZhby/isbpHiEG61BkoPK42zCi0lr3JTRStw=",
        "ref": "refs/heads/master",
        "rev": "01679cb5e8c6ed1c80218ce09f2d10766c1a5b1d",
        "revCount": 450,
        "type": "git",
        "url": "https://gitlab.haskell.org/haskell-wasm/ghc-wasm-meta.git"
      },
      "original": {
        "type": "git",
        "url": "https://gitlab.haskell.org/haskell-wasm/ghc-wasm-meta.git"
      }
    },
    "nixpkgs": {
      "locked": {
        "lastModified": 1759326671,
        "narHash": "sha256-h9jyjb62WDgKs0MBUDFhSlV3F4n+64ygJeo3ijhEF80=",
        "owner": "NixOS",
        "repo": "nixpkgs",
        "rev": "840e8405978644a20844b54e70a09b518f5c7709",
        "type": "github"
      },
      "original": {
        "owner": "NixOS",
        "ref": "nixos-25.05",
        "repo": "nixpkgs",
        "type": "github"
      }
    },
    "nixpkgs-lib": {
      "locked": {
        "lastModified": 1772328832,
        "narHash": "sha256-e+/T/pmEkLP6BHhYjx6GmwP5ivonQQn0bJdH9YrRB+Q=",
        "owner": "nix-community",
        "repo": "nixpkgs.lib",
        "rev": "c185c7a5e5dd8f9add5b2f8ebeff00888b070742",
        "type": "github"
      },
      "original": {
        "owner": "nix-community",
        "repo": "nixpkgs.lib",
        "type": "github"
      }
    },
    "nixpkgs_2": {
      "locked": {
        "lastModified": 1774918690,
        "narHash": "sha256-I10prCnIhw7DX4ZfNQGanbv5choXYFLz2LjNDuxJjNs=",
        "owner": "NixOS",
        "repo": "nixpkgs",
        "rev": "130841f326778f36eabc5ddf20c5009f4dfe2ebf",
        "type": "github"
      },
      "original": {
        "owner": "NixOS",
        "repo": "nixpkgs",
        "type": "github"
      }
    },
    "root": {
      "inputs": {
        "agda": "agda",
        "flake-parts": "flake-parts",
        "nixpkgs": "nixpkgs_2"
      }
    },
    "systems": {
      "locked": {
        "lastModified": 1681028828,
        "narHash": "sha256-Vy1rq5AaRuLzOxct8nz4T6wlgyUR7zLU309k9mBC768=",
        "owner": "nix-systems",
        "repo": "default",
        "rev": "da67096a3b9bf56a91d16901293e51ba5b49a27e",
        "type": "github"
      },
      "original": {
        "owner": "nix-systems",
        "repo": "default",
        "type": "github"
      }
    }
  },
  "root": "root",
  "version": 7
}
